Microsoft Visual Studio Solution File, Format Version 9.00
# Visual Studio 2005
Project("{8BC9CEB8-8B4A-11D0-8D11-00A0C91BC942}") = "VersionInfo", "..\plugins\VersionInfo\VersionInfo_8.vcproj", "{3CE5572B-B7B0-4D1C-9D10-4622FBA6198E}"
EndProject
Project("{8BC9CEB8-8B4A-11D0-8D11-00A0C91BC942}") = "clist", "..\plugins\clist\clist_8.vcproj", "{E71C1722-A41D-4475-87F4-29961A3654BB}"
EndProject
Project("{8BC9CEB8-8B4A-11D0-8D11-00A0C91BC942}") = "contacts", "..\plugins\contacts\contacts_8.vcproj", "{934945DC-FC28-4F21-832F-63970C78804A}"
EndProject
Project("{8BC9CEB8-8B4A-11D0-8D11-00A0C91BC942}") = "contactsex", "..\plugins\contactsex\contactsex_8.vcproj", "{2905A7F3-10FD-44CA-9801-5F4A5CAACFDC}"
EndProject
Project("{8BC9CEB8-8B4A-11D0-8D11-00A0C91BC942}") = "db3x", "..\plugins\db3x\db3x_8.vcproj", "{8B778B6A-F5EF-49A4-8437-424832F2B280}"
EndProject
Project("{8BC9CEB8-8B4A-11D0-8D11-00A0C91BC942}") = "dbtool", "..\..\miranda-tools\dbtool\dbtool_8.vcproj", "{A2E9DA24-95E4-4414-94AF-488A382E276A}"
EndProject
Project("{8BC9CEB8-8B4A-11D0-8D11-00A0C91BC942}") = "fastlock", "..\plugins\fastlock\fastlock_8.vcproj", "{F6CB5679-D70E-4154-8B0B-C2A424FB6127}"
EndProject
Project("{8BC9CEB8-8B4A-11D0-8D11-00A0C91BC942}") = "help", "..\plugins\help\help_8.vcproj", "{4AD5A72D-C667-4902-844D-C09F74CE7245}"
EndProject
Project("{8BC9CEB8-8B4A-11D0-8D11-00A0C91BC942}") = "import", "..\plugins\import\import_8.vcproj", "{9299B507-1AF9-4C93-9560-5F637D1E0C9E}"
EndProject
Project("{8BC9CEB8-8B4A-11D0-8D11-00A0C91BC942}") = "miranda32", "..\src\miranda32_8.vcproj", "{F9916510-9055-4C9F-997A-3755DEC1511B}"
EndProject
Project("{8BC9CEB8-8B4A-11D0-8D11-00A0C91BC942}") = "msn", "..\protocols\MSN\msn_8.vcproj", "{7B0F213E-C15E-4219-8AE5-49DD3D3D553D}"
EndProject
Project("{8BC9CEB8-8B4A-11D0-8D11-00A0C91BC942}") = "png2dib", "..\plugins\png2dib\png2dib_8.vcproj", "{0257CAFD-704D-4419-B2B1-80605E81F0A3}"
EndProject
Project("{8BC9CEB8-8B4A-11D0-8D11-00A0C91BC942}") = "srmm", "..\plugins\srmm\srmm_8.vcproj", "{F47EAB99-C78F-4A92-87D5-B0E16FE5A133}"
EndProject
Project("{8BC9CEB8-8B4A-11D0-8D11-00A0C91BC942}") = "tabsrmm", "..\plugins\tabsrmm\tabsrmm_8.vcproj", "{883A9047-0B5A-4A89-88C1-4DCE27123BE9}"
EndProject
Project("{8BC9CEB8-8B4A-11D0-8D11-00A0C91BC942}") = "Wassup", "..\plugins\wassup\Wassup_8.vcproj", "{C2864EAC-BFFF-4AF6-B81E-65995907F83B}"
EndProject
Project("{8BC9CEB8-8B4A-11D0-8D11-00A0C91BC942}") = "KeepStatus", "..\plugins\KeepStatus\KeepStatus\KeepStatus_8.vcproj", "{D548A54E-310B-4A86-A545-64BDD5748745}"
EndProject
Project("{8BC9CEB8-8B4A-11D0-8D11-00A0C91BC942}") = "jabber", "..\protocols\JabberG\jabber_8.vcproj", "{33276462-8313-4192-8306-13717ECCA60A}"
EndProject
Project("{8BC9CEB8-8B4A-11D0-8D11-00A0C91BC942}") = "chat", "..\plugins\chat\chat_8.vcproj", "{268BD296-8DD3-4715-A386-CF120398EC98}"
EndProject
Project("{8BC9CEB8-8B4A-11D0-8D11-00A0C91BC942}") = "MenuItemEx", "..\plugins\MenuItemEx\menuex_8.vcproj", "{210DD88D-649B-4695-8C5F-898A4F60A8CE}"
EndProject
Project("{8BC9CEB8-8B4A-11D0-8D11-00A0C91BC942}") = "findAmsg", "..\plugins\findamsg\findAmsg_8.vcproj", "{89F8422E-0932-4C7B-92CB-372582EBA69D}"
EndProject
Project("{8BC9CEB8-8B4A-11D0-8D11-00A0C91BC942}") = "nsn", "..\plugins\NickChangeNotify\ncn_8.vcproj", "{7ED72F4C-6370-4FFC-B841-20884D5B48EE}"
EndProject
Project("{8BC9CEB8-8B4A-11D0-8D11-00A0C91BC942}") = "icqoscar8", "..\protocols\IcqOscarJ\icqoscar8_8.vcproj", "{01DDCB36-4DE2-405D-BC36-2C8BDEB86659}"
EndProject
Project("{8BC9CEB8-8B4A-11D0-8D11-00A0C91BC942}") = "TypingNotify", "..\plugins\TypingNotify\typingnotify_8.vcproj", "{213AFEA4-6E8D-4B09-A134-D8490F97DB95}"
EndProject
Project("{8BC9CEB8-8B4A-11D0-8D11-00A0C91BC942}") = "SmileyAdd", "..\plugins\SmileyAdd\SmileyAdd_8.vcproj", "{5BBA7E51-B494-4462-BC4F-1AE5F57F9857}"
EndProject
Project("{8BC9CEB8-8B4A-11D0-8D11-00A0C91BC942}") = "IcoLib", "..\plugins\IcoLib\IcoLib_8.vcproj", "{E32C2681-35DC-4E59-8392-9E8C4D687518}"
EndProject
Project("{8BC9CEB8-8B4A-11D0-8D11-00A0C91BC942}") = "clist_nicer", "..\plugins\clist_nicer\clist_nicer_8.vcproj", "{3C42510C-A29E-4A53-899C-203BFA874E0B}"
EndProject
Project("{8BC9CEB8-8B4A-11D0-8D11-00A0C91BC942}") = "clist_mw", "..\plugins\mwclist\clist_mw_8.vcproj", "{56997126-0098-407A-94E1-7C5748C1C9EF}"
EndProject
Project("{8BC9CEB8-8B4A-11D0-8D11-00A0C91BC942}") = "clist_modern", "..\plugins\modernb\clist_modern_8.vcproj", "{D9057E63-AAAA-4FE7-800A-20C02F4761F3}"
EndProject
Project("{8BC9CEB8-8B4A-11D0-8D11-00A0C91BC942}") = "FontService", "..\plugins\fontservice\FontService_8.vcproj", "{3FAA6ED0-CE70-469F-9165-2B242FB270BD}"
EndProject
Project("{8BC9CEB8-8B4A-11D0-8D11-00A0C91BC942}") = "MetaContacts", "..\plugins\metacontacts\MetaContacts_8.vcproj", "{0007BE9F-DD4D-4E9B-B1C8-C5049538F862}"
EndProject
Project("{8BC9CEB8-8B4A-11D0-8D11-00A0C91BC942}") = "gnupg", "..\plugins\gnupg\gnupg_8.vcproj", "{EBF2155A-371E-4069-B545-7593892B92E8}"
EndProject
Project("{8BC9CEB8-8B4A-11D0-8D11-00A0C91BC942}") = "dbeditorpp", "..\plugins\dbeditorpp\dbeditorpp_8.vcproj", "{9C6040B8-1173-40FA-A3DB-DE044CCD8250}"
EndProject
Project("{8BC9CEB8-8B4A-11D0-8D11-00A0C91BC942}") = "loadavatars", "..\plugins\loadavatars\avatars_8.vcproj", "{987F026D-EB1F-4013-ADA8-2406ACCDA526}"
EndProject
Project("{8BC9CEB8-8B4A-11D0-8D11-00A0C91BC942}") = "fingerprint", "..\plugins\fingerprint\fingerprint_8.vcproj", "{AF7D71D4-19B7-42B8-91DD-701F155AC4AE}"
EndProject
Project("{8BC9CEB8-8B4A-11D0-8D11-00A0C91BC942}") = "tipper", "..\plugins\tipper\tipper_8.vcproj", "{2C818919-A38F-44FF-BD91-A6A204AC592A}"
EndProject
Project("{8BC9CEB8-8B4A-11D0-8D11-00A0C91BC942}") = "yapp", "..\plugins\yapp\popups2_8.vcproj", "{B6FC188B-8E54-4197-9444-8BADE9AA75E2}"
EndProject
Project("{8BC9CEB8-8B4A-11D0-8D11-00A0C91BC942}") = "db3x_mmap", "..\plugins\db3x_mmap\db3x_mmap_8.vcproj", "{20D781FB-4A20-4B75-B863-304A47182966}"
EndProject
Project("{8BC9CEB8-8B4A-11D0-8D11-00A0C91BC942}") = "Yahoo", "..\protocols\Yahoo\Yahoo_8.vcproj", "{E42870DB-9FED-44E7-9C93-4E64D0C87F51}"
EndProject
Global
	GlobalSection(SourceCodeControl) = preSolution
		SccNumberOfProjects = 17
		SccProjectUniqueName0 = ..\\plugins\\VersionInfo\\VersionInfo_8.vcproj
		SccProjectName0 = \u0022$/Miranda/miranda/plugins/VersionInfo\u0022,\u0020LLIAAAAA
		SccLocalPath0 = ..\\plugins\\VersionInfo
		SccProvider0 = MSSCCI:Microsoft\u0020Visual\u0020SourceSafe
		SccProjectUniqueName1 = ..\\plugins\\contacts\\contacts_8.vcproj
		SccProjectName1 = \u0022$/Miranda/miranda/plugins/contacts\u0022,\u0020DYKAAAAA
		SccLocalPath1 = ..\\plugins\\contacts
		SccProvider1 = MSSCCI:Microsoft\u0020Visual\u0020SourceSafe
		SccProjectUniqueName2 = ..\\plugins\\contactsex\\contactsex_8.vcproj
		SccProjectName2 = \u0022$/Miranda/miranda/plugins/contactsex\u0022,\u0020UKIAAAAA
		SccLocalPath2 = ..\\plugins\\contactsex
		SccProvider2 = MSSCCI:Microsoft\u0020Visual\u0020SourceSafe
		SccProjectUniqueName3 = ..\\plugins\\fastlock\\fastlock_8.vcproj
		SccProjectName3 = \u0022$/Miranda/miranda/plugins/fastlock\u0022,\u0020XKIAAAAA
		SccLocalPath3 = ..\\plugins\\fastlock
		SccProvider3 = MSSCCI:Microsoft\u0020Visual\u0020SourceSafe
		SccProjectUniqueName4 = ..\\plugins\\wassup\\Wassup_8.vcproj
		SccProjectName4 = \u0022$/Miranda/miranda/plugins/wassup\u0022,\u0020FODAAAAA
		SccLocalPath4 = ..\\plugins\\wassup
		SccProvider4 = MSSCCI:Microsoft\u0020Visual\u0020SourceSafe
		SccProjectUniqueName5 = ..\\plugins\\KeepStatus\\KeepStatus\\KeepStatus_8.vcproj
		SccProjectName5 = \u0022$/Miranda/miranda/plugins/KeepStatus\u0022,\u0020KWNAAAAA
		SccLocalPath5 = ..\\plugins\\KeepStatus
		SccProvider5 = MSSCCI:Microsoft\u0020Visual\u0020SourceSafe
		SccProjectFilePathRelativizedFromConnection5 = KeepStatus\\
		SccProjectUniqueName6 = ..\\plugins\\MenuItemEx\\menuex_8.vcproj
		SccProjectName6 = \u0022$/Miranda/miranda/plugins/MenuItemEx\u0022,\u0020NLOAAAAA
		SccLocalPath6 = ..\\plugins\\MenuItemEx
		SccProvider6 = MSSCCI:Microsoft\u0020Visual\u0020SourceSafe
		SccProjectUniqueName7 = ..\\plugins\\findamsg\\findAmsg_8.vcproj
		SccProjectName7 = \u0022$/Miranda/miranda/plugins/findAmsg\u0022,\u0020SROAAAAA
		SccLocalPath7 = ..\\plugins\\findamsg
		SccProvider7 = MSSCCI:Microsoft\u0020Visual\u0020SourceSafe
		SccProjectUniqueName8 = ..\\plugins\\NickChangeNotify\\ncn_8.vcproj
		SccProjectName8 = \u0022$/Miranda/miranda/plugins/NickChangeNotify\u0022,\u0020ZSOAAAAA
		SccLocalPath8 = ..\\plugins\\NickChangeNotify
		SccProvider8 = MSSCCI:Microsoft\u0020Visual\u0020SourceSafe
		SccProjectUniqueName9 = ..\\plugins\\TypingNotify\\typingnotify_8.vcproj
		SccProjectName9 = \u0022$/Miranda/miranda/plugins/TypingNotify\u0022,\u0020EVOAAAAA
		SccLocalPath9 = ..\\plugins\\TypingNotify
		SccProvider9 = MSSCCI:Microsoft\u0020Visual\u0020SourceSafe
		SccProjectUniqueName10 = ..\\plugins\\SmileyAdd\\SmileyAdd_8.vcproj
		SccProjectName10 = \u0022$/Miranda/miranda/plugins/SmileyAdd\u0022,\u0020ZIPAAAAA
		SccLocalPath10 = ..\\plugins\\SmileyAdd
		SccProvider10 = MSSCCI:Microsoft\u0020Visual\u0020SourceSafe
		SccProjectUniqueName11 = ..\\plugins\\IcoLib\\IcoLib_8.vcproj
		SccProjectName11 = \u0022$/Miranda/miranda/plugins/IcoLib\u0022,\u0020MKPAAAAA
		SccLocalPath11 = ..\\plugins\\IcoLib
		SccProvider11 = MSSCCI:Microsoft\u0020Visual\u0020SourceSafe
		SccProjectUniqueName12 = ..\\plugins\\fontservice\\FontService_8.vcproj
		SccProjectName12 = \u0022$/Miranda/miranda/plugins/fontservice\u0022,\u0020PDQAAAAA
		SccLocalPath12 = ..\\plugins\\fontservice
		SccProvider12 = MSSCCI:Microsoft\u0020Visual\u0020SourceSafe
		SccProjectUniqueName13 = ..\\plugins\\metacontacts\\MetaContacts_8.vcproj
		SccProjectName13 = \u0022$/Miranda/miranda/plugins/metacontacts\u0022,\u0020FEQAAAAA
		SccLocalPath13 = ..\\plugins\\metacontacts
		SccProvider13 = MSSCCI:Microsoft\u0020Visual\u0020SourceSafe
		SccProjectUniqueName14 = ..\\plugins\\gnupg\\gnupg_8.vcproj
		SccProjectName14 = \u0022$/Miranda/miranda/plugins/gnupg\u0022,\u0020KVQAAAAA
		SccLocalPath14 = ..\\plugins\\gnupg
		SccProvider14 = MSSCCI:Microsoft\u0020Visual\u0020SourceSafe
		SccProjectUniqueName15 = ..\\plugins\\dbeditorpp\\dbeditorpp_8.vcproj
		SccProjectName15 = \u0022$/Miranda/miranda/plugins/dbeditor\u0022,\u0020EUMAAAAA
		SccLocalPath15 = ..\\plugins\\dbeditorpp
		SccProvider15 = MSSCCI:Microsoft\u0020Visual\u0020SourceSafe
		SccProjectUniqueName16 = ..\\plugins\\loadavatars\\avatars_8.vcproj
		SccProjectName16 = \u0022$/Miranda/miranda/plugins/loadavatars\u0022,\u0020EORAAAAA
		SccLocalPath16 = ..\\plugins\\loadavatars
		SccProvider16 = MSSCCI:Microsoft\u0020Visual\u0020SourceSafe
	EndGlobalSection
	GlobalSection(SolutionConfigurationPlatforms) = preSolution
		Debug Unicode|Win32 = Debug Unicode|Win32
		Debug|Win32 = Debug|Win32
		Release Unicode|Win32 = Release Unicode|Win32
		Release|Win32 = Release|Win32
	EndGlobalSection
	GlobalSection(ProjectConfigurationPlatforms) = postSolution
		{3CE5572B-B7B0-4D1C-9D10-4622FBA6198E}.Debug Unicode|Win32.ActiveCfg = Debug|Win32
		{3CE5572B-B7B0-4D1C-9D10-4622FBA6198E}.Debug Unicode|Win32.Build.0 = Debug|Win32
		{3CE5572B-B7B0-4D1C-9D10-4622FBA6198E}.Debug|Win32.ActiveCfg = Debug|Win32
		{3CE5572B-B7B0-4D1C-9D10-4622FBA6198E}.Debug|Win32.Build.0 = Debug|Win32
		{3CE5572B-B7B0-4D1C-9D10-4622FBA6198E}.Release Unicode|Win32.ActiveCfg = Release|Win32
		{3CE5572B-B7B0-4D1C-9D10-4622FBA6198E}.Release Unicode|Win32.Build.0 = Release|Win32
		{3CE5572B-B7B0-4D1C-9D10-4622FBA6198E}.Release|Win32.ActiveCfg = Release|Win32
		{3CE5572B-B7B0-4D1C-9D10-4622FBA6198E}.Release|Win32.Build.0 = Release|Win32
		{E71C1722-A41D-4475-87F4-29961A3654BB}.Debug Unicode|Win32.ActiveCfg = Debug Unicode|Win32
		{E71C1722-A41D-4475-87F4-29961A3654BB}.Debug Unicode|Win32.Build.0 = Debug Unicode|Win32
		{E71C1722-A41D-4475-87F4-29961A3654BB}.Debug|Win32.ActiveCfg = Debug|Win32
		{E71C1722-A41D-4475-87F4-29961A3654BB}.Debug|Win32.Build.0 = Debug|Win32
		{E71C1722-A41D-4475-87F4-29961A3654BB}.Release Unicode|Win32.ActiveCfg = Release Unicode|Win32
		{E71C1722-A41D-4475-87F4-29961A3654BB}.Release Unicode|Win32.Build.0 = Release Unicode|Win32
		{E71C1722-A41D-4475-87F4-29961A3654BB}.Release|Win32.ActiveCfg = Release|Win32
		{E71C1722-A41D-4475-87F4-29961A3654BB}.Release|Win32.Build.0 = Release|Win32
		{934945DC-FC28-4F21-832F-63970C78804A}.Debug Unicode|Win32.ActiveCfg = Debug|Win32
		{934945DC-FC28-4F21-832F-63970C78804A}.Debug Unicode|Win32.Build.0 = Debug|Win32
		{934945DC-FC28-4F21-832F-63970C78804A}.Debug|Win32.ActiveCfg = Debug|Win32
		{934945DC-FC28-4F21-832F-63970C78804A}.Debug|Win32.Build.0 = Debug|Win32
		{934945DC-FC28-4F21-832F-63970C78804A}.Release Unicode|Win32.ActiveCfg = Release|Win32
		{934945DC-FC28-4F21-832F-63970C78804A}.Release Unicode|Win32.Build.0 = Release|Win32
		{934945DC-FC28-4F21-832F-63970C78804A}.Release|Win32.ActiveCfg = Release|Win32
		{934945DC-FC28-4F21-832F-63970C78804A}.Release|Win32.Build.0 = Release|Win32
		{2905A7F3-10FD-44CA-9801-5F4A5CAACFDC}.Debug Unicode|Win32.ActiveCfg = Debug|Win32
		{2905A7F3-10FD-44CA-9801-5F4A5CAACFDC}.Debug Unicode|Win32.Build.0 = Debug|Win32
		{2905A7F3-10FD-44CA-9801-5F4A5CAACFDC}.Debug|Win32.ActiveCfg = Debug|Win32
		{2905A7F3-10FD-44CA-9801-5F4A5CAACFDC}.Debug|Win32.Build.0 = Debug|Win32
		{2905A7F3-10FD-44CA-9801-5F4A5CAACFDC}.Release Unicode|Win32.ActiveCfg = Release|Win32
		{2905A7F3-10FD-44CA-9801-5F4A5CAACFDC}.Release Unicode|Win32.Build.0 = Release|Win32
		{2905A7F3-10FD-44CA-9801-5F4A5CAACFDC}.Release|Win32.ActiveCfg = Release|Win32
		{2905A7F3-10FD-44CA-9801-5F4A5CAACFDC}.Release|Win32.Build.0 = Release|Win32
		{8B778B6A-F5EF-49A4-8437-424832F2B280}.Debug Unicode|Win32.ActiveCfg = Debug|Win32
		{8B778B6A-F5EF-49A4-8437-424832F2B280}.Debug Unicode|Win32.Build.0 = Debug|Win32
		{8B778B6A-F5EF-49A4-8437-424832F2B280}.Debug|Win32.ActiveCfg = Debug|Win32
		{8B778B6A-F5EF-49A4-8437-424832F2B280}.Debug|Win32.Build.0 = Debug|Win32
		{8B778B6A-F5EF-49A4-8437-424832F2B280}.Release Unicode|Win32.ActiveCfg = Release|Win32
		{8B778B6A-F5EF-49A4-8437-424832F2B280}.Release Unicode|Win32.Build.0 = Release|Win32
		{8B778B6A-F5EF-49A4-8437-424832F2B280}.Release|Win32.ActiveCfg = Release|Win32
		{8B778B6A-F5EF-49A4-8437-424832F2B280}.Release|Win32.Build.0 = Release|Win32
		{A2E9DA24-95E4-4414-94AF-488A382E276A}.Debug Unicode|Win32.ActiveCfg = Debug|Win32
		{A2E9DA24-95E4-4414-94AF-488A382E276A}.Debug Unicode|Win32.Build.0 = Debug|Win32
		{A2E9DA24-95E4-4414-94AF-488A382E276A}.Debug|Win32.ActiveCfg = Debug|Win32
		{A2E9DA24-95E4-4414-94AF-488A382E276A}.Debug|Win32.Build.0 = Debug|Win32
		{A2E9DA24-95E4-4414-94AF-488A382E276A}.Release Unicode|Win32.ActiveCfg = Release|Win32
		{A2E9DA24-95E4-4414-94AF-488A382E276A}.Release Unicode|Win32.Build.0 = Release|Win32
		{A2E9DA24-95E4-4414-94AF-488A382E276A}.Release|Win32.ActiveCfg = Release|Win32
		{A2E9DA24-95E4-4414-94AF-488A382E276A}.Release|Win32.Build.0 = Release|Win32
		{F6CB5679-D70E-4154-8B0B-C2A424FB6127}.Debug Unicode|Win32.ActiveCfg = Debug|Win32
		{F6CB5679-D70E-4154-8B0B-C2A424FB6127}.Debug Unicode|Win32.Build.0 = Debug|Win32
		{F6CB5679-D70E-4154-8B0B-C2A424FB6127}.Debug|Win32.ActiveCfg = Debug|Win32
		{F6CB5679-D70E-4154-8B0B-C2A424FB6127}.Debug|Win32.Build.0 = Debug|Win32
		{F6CB5679-D70E-4154-8B0B-C2A424FB6127}.Release Unicode|Win32.ActiveCfg = Release|Win32
		{F6CB5679-D70E-4154-8B0B-C2A424FB6127}.Release Unicode|Win32.Build.0 = Release|Win32
		{F6CB5679-D70E-4154-8B0B-C2A424FB6127}.Release|Win32.ActiveCfg = Release|Win32
		{F6CB5679-D70E-4154-8B0B-C2A424FB6127}.Release|Win32.Build.0 = Release|Win32
		{4AD5A72D-C667-4902-844D-C09F74CE7245}.Debug Unicode|Win32.ActiveCfg = Debug Unicode|Win32
		{4AD5A72D-C667-4902-844D-C09F74CE7245}.Debug Unicode|Win32.Build.0 = Debug Unicode|Win32
		{4AD5A72D-C667-4902-844D-C09F74CE7245}.Debug|Win32.ActiveCfg = Debug|Win32
		{4AD5A72D-C667-4902-844D-C09F74CE7245}.Debug|Win32.Build.0 = Debug|Win32
		{4AD5A72D-C667-4902-844D-C09F74CE7245}.Release Unicode|Win32.ActiveCfg = Release Unicode|Win32
		{4AD5A72D-C667-4902-844D-C09F74CE7245}.Release Unicode|Win32.Build.0 = Release Unicode|Win32
		{4AD5A72D-C667-4902-844D-C09F74CE7245}.Release|Win32.ActiveCfg = Release|Win32
		{4AD5A72D-C667-4902-844D-C09F74CE7245}.Release|Win32.Build.0 = Release|Win32
		{9299B507-1AF9-4C93-9560-5F637D1E0C9E}.Debug Unicode|Win32.ActiveCfg = Debug|Win32
		{9299B507-1AF9-4C93-9560-5F637D1E0C9E}.Debug Unicode|Win32.Build.0 = Debug|Win32
		{9299B507-1AF9-4C93-9560-5F637D1E0C9E}.Debug|Win32.ActiveCfg = Debug|Win32
		{9299B507-1AF9-4C93-9560-5F637D1E0C9E}.Debug|Win32.Build.0 = Debug|Win32
		{9299B507-1AF9-4C93-9560-5F637D1E0C9E}.Release Unicode|Win32.ActiveCfg = Release|Win32
		{9299B507-1AF9-4C93-9560-5F637D1E0C9E}.Release Unicode|Win32.Build.0 = Release|Win32
		{9299B507-1AF9-4C93-9560-5F637D1E0C9E}.Release|Win32.ActiveCfg = Release|Win32
		{9299B507-1AF9-4C93-9560-5F637D1E0C9E}.Release|Win32.Build.0 = Release|Win32
		{F9916510-9055-4C9F-997A-3755DEC1511B}.Debug Unicode|Win32.ActiveCfg = Debug Unicode|Win32
		{F9916510-9055-4C9F-997A-3755DEC1511B}.Debug Unicode|Win32.Build.0 = Debug Unicode|Win32
		{F9916510-9055-4C9F-997A-3755DEC1511B}.Debug|Win32.ActiveCfg = Debug|Win32
		{F9916510-9055-4C9F-997A-3755DEC1511B}.Debug|Win32.Build.0 = Debug|Win32
		{F9916510-9055-4C9F-997A-3755DEC1511B}.Release Unicode|Win32.ActiveCfg = Release Unicode|Win32
		{F9916510-9055-4C9F-997A-3755DEC1511B}.Release Unicode|Win32.Build.0 = Release Unicode|Win32
		{F9916510-9055-4C9F-997A-3755DEC1511B}.Release|Win32.ActiveCfg = Release|Win32
		{F9916510-9055-4C9F-997A-3755DEC1511B}.Release|Win32.Build.0 = Release|Win32
		{7B0F213E-C15E-4219-8AE5-49DD3D3D553D}.Debug Unicode|Win32.ActiveCfg = Debug Unicode|Win32
		{7B0F213E-C15E-4219-8AE5-49DD3D3D553D}.Debug Unicode|Win32.Build.0 = Debug Unicode|Win32
		{7B0F213E-C15E-4219-8AE5-49DD3D3D553D}.Debug|Win32.ActiveCfg = Debug|Win32
		{7B0F213E-C15E-4219-8AE5-49DD3D3D553D}.Debug|Win32.Build.0 = Debug|Win32
		{7B0F213E-C15E-4219-8AE5-49DD3D3D553D}.Release Unicode|Win32.ActiveCfg = Release Unicode|Win32
		{7B0F213E-C15E-4219-8AE5-49DD3D3D553D}.Release Unicode|Win32.Build.0 = Release Unicode|Win32
		{7B0F213E-C15E-4219-8AE5-49DD3D3D553D}.Release|Win32.ActiveCfg = Release|Win32
		{7B0F213E-C15E-4219-8AE5-49DD3D3D553D}.Release|Win32.Build.0 = Release|Win32
		{0257CAFD-704D-4419-B2B1-80605E81F0A3}.Debug Unicode|Win32.ActiveCfg = Debug|Win32
		{0257CAFD-704D-4419-B2B1-80605E81F0A3}.Debug Unicode|Win32.Build.0 = Debug|Win32
		{0257CAFD-704D-4419-B2B1-80605E81F0A3}.Debug|Win32.ActiveCfg = Debug|Win32
		{0257CAFD-704D-4419-B2B1-80605E81F0A3}.Debug|Win32.Build.0 = Debug|Win32
		{0257CAFD-704D-4419-B2B1-80605E81F0A3}.Release Unicode|Win32.ActiveCfg = Release|Win32
		{0257CAFD-704D-4419-B2B1-80605E81F0A3}.Release Unicode|Win32.Build.0 = Release|Win32
		{0257CAFD-704D-4419-B2B1-80605E81F0A3}.Release|Win32.ActiveCfg = Release|Win32
		{0257CAFD-704D-4419-B2B1-80605E81F0A3}.Release|Win32.Build.0 = Release|Win32
		{F47EAB99-C78F-4A92-87D5-B0E16FE5A133}.Debug Unicode|Win32.ActiveCfg = Debug Unicode|Win32
		{F47EAB99-C78F-4A92-87D5-B0E16FE5A133}.Debug Unicode|Win32.Build.0 = Debug Unicode|Win32
		{F47EAB99-C78F-4A92-87D5-B0E16FE5A133}.Debug|Win32.ActiveCfg = Debug|Win32
		{F47EAB99-C78F-4A92-87D5-B0E16FE5A133}.Debug|Win32.Build.0 = Debug|Win32
		{F47EAB99-C78F-4A92-87D5-B0E16FE5A133}.Release Unicode|Win32.ActiveCfg = Release Unicode|Win32
		{F47EAB99-C78F-4A92-87D5-B0E16FE5A133}.Release Unicode|Win32.Build.0 = Release Unicode|Win32
		{F47EAB99-C78F-4A92-87D5-B0E16FE5A133}.Release|Win32.ActiveCfg = Release|Win32
		{F47EAB99-C78F-4A92-87D5-B0E16FE5A133}.Release|Win32.Build.0 = Release|Win32
		{883A9047-0B5A-4A89-88C1-4DCE27123BE9}.Debug Unicode|Win32.ActiveCfg = Debug Unicode|Win32
		{883A9047-0B5A-4A89-88C1-4DCE27123BE9}.Debug Unicode|Win32.Build.0 = Debug Unicode|Win32
		{883A9047-0B5A-4A89-88C1-4DCE27123BE9}.Debug|Win32.ActiveCfg = Debug|Win32
		{883A9047-0B5A-4A89-88C1-4DCE27123BE9}.Debug|Win32.Build.0 = Debug|Win32
		{883A9047-0B5A-4A89-88C1-4DCE27123BE9}.Release Unicode|Win32.ActiveCfg = Release Unicode|Win32
		{883A9047-0B5A-4A89-88C1-4DCE27123BE9}.Release Unicode|Win32.Build.0 = Release Unicode|Win32
		{883A9047-0B5A-4A89-88C1-4DCE27123BE9}.Release|Win32.ActiveCfg = Release|Win32
		{883A9047-0B5A-4A89-88C1-4DCE27123BE9}.Release|Win32.Build.0 = Release|Win32
		{C2864EAC-BFFF-4AF6-B81E-65995907F83B}.Debug Unicode|Win32.ActiveCfg = Debug|Win32
		{C2864EAC-BFFF-4AF6-B81E-65995907F83B}.Debug Unicode|Win32.Build.0 = Debug|Win32
		{C2864EAC-BFFF-4AF6-B81E-65995907F83B}.Debug|Win32.ActiveCfg = Debug|Win32
		{C2864EAC-BFFF-4AF6-B81E-65995907F83B}.Release Unicode|Win32.ActiveCfg = Release|Win32
		{C2864EAC-BFFF-4AF6-B81E-65995907F83B}.Release Unicode|Win32.Build.0 = Release|Win32
		{C2864EAC-BFFF-4AF6-B81E-65995907F83B}.Release|Win32.ActiveCfg = Release|Win32
		{D548A54E-310B-4A86-A545-64BDD5748745}.Debug Unicode|Win32.ActiveCfg = Debug|Win32
		{D548A54E-310B-4A86-A545-64BDD5748745}.Debug Unicode|Win32.Build.0 = Debug|Win32
		{D548A54E-310B-4A86-A545-64BDD5748745}.Debug|Win32.ActiveCfg = Debug|Win32
		{D548A54E-310B-4A86-A545-64BDD5748745}.Debug|Win32.Build.0 = Debug|Win32
		{D548A54E-310B-4A86-A545-64BDD5748745}.Release Unicode|Win32.ActiveCfg = Release|Win32
		{D548A54E-310B-4A86-A545-64BDD5748745}.Release Unicode|Win32.Build.0 = Release|Win32
		{D548A54E-310B-4A86-A545-64BDD5748745}.Release|Win32.ActiveCfg = Release|Win32
		{D548A54E-310B-4A86-A545-64BDD5748745}.Release|Win32.Build.0 = Release|Win32
		{33276462-8313-4192-8306-13717ECCA60A}.Debug Unicode|Win32.ActiveCfg = Debug Unicode|Win32
		{33276462-8313-4192-8306-13717ECCA60A}.Debug Unicode|Win32.Build.0 = Debug Unicode|Win32
		{33276462-8313-4192-8306-13717ECCA60A}.Debug|Win32.ActiveCfg = Debug|Win32
		{33276462-8313-4192-8306-13717ECCA60A}.Debug|Win32.Build.0 = Debug|Win32
		{33276462-8313-4192-8306-13717ECCA60A}.Release Unicode|Win32.ActiveCfg = Release Unicode|Win32
		{33276462-8313-4192-8306-13717ECCA60A}.Release Unicode|Win32.Build.0 = Release Unicode|Win32
		{33276462-8313-4192-8306-13717ECCA60A}.Release|Win32.ActiveCfg = Release|Win32
		{33276462-8313-4192-8306-13717ECCA60A}.Release|Win32.Build.0 = Release|Win32
		{268BD296-8DD3-4715-A386-CF120398EC98}.Debug Unicode|Win32.ActiveCfg = Debug Unicode|Win32
		{268BD296-8DD3-4715-A386-CF120398EC98}.Debug Unicode|Win32.Build.0 = Debug Unicode|Win32
		{268BD296-8DD3-4715-A386-CF120398EC98}.Debug|Win32.ActiveCfg = Debug|Win32
		{268BD296-8DD3-4715-A386-CF120398EC98}.Debug|Win32.Build.0 = Debug|Win32
		{268BD296-8DD3-4715-A386-CF120398EC98}.Release Unicode|Win32.ActiveCfg = Release Unicode|Win32
		{268BD296-8DD3-4715-A386-CF120398EC98}.Release Unicode|Win32.Build.0 = Release Unicode|Win32
		{268BD296-8DD3-4715-A386-CF120398EC98}.Release|Win32.ActiveCfg = Release|Win32
		{268BD296-8DD3-4715-A386-CF120398EC98}.Release|Win32.Build.0 = Release|Win32
		{210DD88D-649B-4695-8C5F-898A4F60A8CE}.Debug Unicode|Win32.ActiveCfg = Debug|Win32
		{210DD88D-649B-4695-8C5F-898A4F60A8CE}.Debug Unicode|Win32.Build.0 = Debug|Win32
		{210DD88D-649B-4695-8C5F-898A4F60A8CE}.Debug|Win32.ActiveCfg = Debug|Win32
		{210DD88D-649B-4695-8C5F-898A4F60A8CE}.Debug|Win32.Build.0 = Debug|Win32
		{210DD88D-649B-4695-8C5F-898A4F60A8CE}.Release Unicode|Win32.ActiveCfg = Release|Win32
		{210DD88D-649B-4695-8C5F-898A4F60A8CE}.Release Unicode|Win32.Build.0 = Release|Win32
		{210DD88D-649B-4695-8C5F-898A4F60A8CE}.Release|Win32.ActiveCfg = Release|Win32
		{210DD88D-649B-4695-8C5F-898A4F60A8CE}.Release|Win32.Build.0 = Release|Win32
		{89F8422E-0932-4C7B-92CB-372582EBA69D}.Debug Unicode|Win32.ActiveCfg = Debug|Win32
		{89F8422E-0932-4C7B-92CB-372582EBA69D}.Debug Unicode|Win32.Build.0 = Debug|Win32
		{89F8422E-0932-4C7B-92CB-372582EBA69D}.Debug|Win32.ActiveCfg = Debug|Win32
		{89F8422E-0932-4C7B-92CB-372582EBA69D}.Debug|Win32.Build.0 = Debug|Win32
		{89F8422E-0932-4C7B-92CB-372582EBA69D}.Release Unicode|Win32.ActiveCfg = Release|Win32
		{89F8422E-0932-4C7B-92CB-372582EBA69D}.Release Unicode|Win32.Build.0 = Release|Win32
		{89F8422E-0932-4C7B-92CB-372582EBA69D}.Release|Win32.ActiveCfg = Release|Win32
		{89F8422E-0932-4C7B-92CB-372582EBA69D}.Release|Win32.Build.0 = Release|Win32
		{7ED72F4C-6370-4FFC-B841-20884D5B48EE}.Debug Unicode|Win32.ActiveCfg = Release|Win32
		{7ED72F4C-6370-4FFC-B841-20884D5B48EE}.Debug Unicode|Win32.Build.0 = Release|Win32
		{7ED72F4C-6370-4FFC-B841-20884D5B48EE}.Debug|Win32.ActiveCfg = Release|Win32
		{7ED72F4C-6370-4FFC-B841-20884D5B48EE}.Debug|Win32.Build.0 = Release|Win32
		{7ED72F4C-6370-4FFC-B841-20884D5B48EE}.Release Unicode|Win32.ActiveCfg = Release|Win32
		{7ED72F4C-6370-4FFC-B841-20884D5B48EE}.Release Unicode|Win32.Build.0 = Release|Win32
		{7ED72F4C-6370-4FFC-B841-20884D5B48EE}.Release|Win32.ActiveCfg = Release|Win32
		{7ED72F4C-6370-4FFC-B841-20884D5B48EE}.Release|Win32.Build.0 = Release|Win32
		{01DDCB36-4DE2-405D-BC36-2C8BDEB86659}.Debug Unicode|Win32.ActiveCfg = Debug|Win32
		{01DDCB36-4DE2-405D-BC36-2C8BDEB86659}.Debug Unicode|Win32.Build.0 = Debug|Win32
		{01DDCB36-4DE2-405D-BC36-2C8BDEB86659}.Debug|Win32.ActiveCfg = Debug|Win32
		{01DDCB36-4DE2-405D-BC36-2C8BDEB86659}.Debug|Win32.Build.0 = Debug|Win32
		{01DDCB36-4DE2-405D-BC36-2C8BDEB86659}.Release Unicode|Win32.ActiveCfg = Release|Win32
		{01DDCB36-4DE2-405D-BC36-2C8BDEB86659}.Release Unicode|Win32.Build.0 = Release|Win32
		{01DDCB36-4DE2-405D-BC36-2C8BDEB86659}.Release|Win32.ActiveCfg = Release|Win32
		{01DDCB36-4DE2-405D-BC36-2C8BDEB86659}.Release|Win32.Build.0 = Release|Win32
		{213AFEA4-6E8D-4B09-A134-D8490F97DB95}.Debug Unicode|Win32.ActiveCfg = Debug|Win32
		{213AFEA4-6E8D-4B09-A134-D8490F97DB95}.Debug Unicode|Win32.Build.0 = Debug|Win32
		{213AFEA4-6E8D-4B09-A134-D8490F97DB95}.Debug|Win32.ActiveCfg = Debug|Win32
		{213AFEA4-6E8D-4B09-A134-D8490F97DB95}.Debug|Win32.Build.0 = Debug|Win32
		{213AFEA4-6E8D-4B09-A134-D8490F97DB95}.Release Unicode|Win32.ActiveCfg = Release|Win32
		{213AFEA4-6E8D-4B09-A134-D8490F97DB95}.Release Unicode|Win32.Build.0 = Release|Win32
		{213AFEA4-6E8D-4B09-A134-D8490F97DB95}.Release|Win32.ActiveCfg = Release|Win32
		{213AFEA4-6E8D-4B09-A134-D8490F97DB95}.Release|Win32.Build.0 = Release|Win32
		{5BBA7E51-B494-4462-BC4F-1AE5F57F9857}.Debug Unicode|Win32.ActiveCfg = Debug Unicode|Win32
		{5BBA7E51-B494-4462-BC4F-1AE5F57F9857}.Debug Unicode|Win32.Build.0 = Debug Unicode|Win32
		{5BBA7E51-B494-4462-BC4F-1AE5F57F9857}.Debug|Win32.ActiveCfg = Debug|Win32
		{5BBA7E51-B494-4462-BC4F-1AE5F57F9857}.Debug|Win32.Build.0 = Debug|Win32
		{5BBA7E51-B494-4462-BC4F-1AE5F57F9857}.Release Unicode|Win32.ActiveCfg = Release Unicode|Win32
		{5BBA7E51-B494-4462-BC4F-1AE5F57F9857}.Release Unicode|Win32.Build.0 = Release Unicode|Win32
		{5BBA7E51-B494-4462-BC4F-1AE5F57F9857}.Release|Win32.ActiveCfg = Release|Win32
		{5BBA7E51-B494-4462-BC4F-1AE5F57F9857}.Release|Win32.Build.0 = Release|Win32
		{E32C2681-35DC-4E59-8392-9E8C4D687518}.Debug Unicode|Win32.ActiveCfg = Debug|Win32
		{E32C2681-35DC-4E59-8392-9E8C4D687518}.Debug Unicode|Win32.Build.0 = Debug|Win32
		{E32C2681-35DC-4E59-8392-9E8C4D687518}.Debug|Win32.ActiveCfg = Debug|Win32
		{E32C2681-35DC-4E59-8392-9E8C4D687518}.Debug|Win32.Build.0 = Debug|Win32
		{E32C2681-35DC-4E59-8392-9E8C4D687518}.Release Unicode|Win32.ActiveCfg = Release|Win32
		{E32C2681-35DC-4E59-8392-9E8C4D687518}.Release Unicode|Win32.Build.0 = Release|Win32
		{E32C2681-35DC-4E59-8392-9E8C4D687518}.Release|Win32.ActiveCfg = Release|Win32
		{E32C2681-35DC-4E59-8392-9E8C4D687518}.Release|Win32.Build.0 = Release|Win32
		{3C42510C-A29E-4A53-899C-203BFA874E0B}.Debug Unicode|Win32.ActiveCfg = Debug Unicode|Win32
		{3C42510C-A29E-4A53-899C-203BFA874E0B}.Debug Unicode|Win32.Build.0 = Debug Unicode|Win32
		{3C42510C-A29E-4A53-899C-203BFA874E0B}.Debug|Win32.ActiveCfg = Debug|Win32
		{3C42510C-A29E-4A53-899C-203BFA874E0B}.Debug|Win32.Build.0 = Debug|Win32
		{3C42510C-A29E-4A53-899C-203BFA874E0B}.Release Unicode|Win32.ActiveCfg = Release Unicode|Win32
		{3C42510C-A29E-4A53-899C-203BFA874E0B}.Release Unicode|Win32.Build.0 = Release Unicode|Win32
		{3C42510C-A29E-4A53-899C-203BFA874E0B}.Release|Win32.ActiveCfg = Release|Win32
		{3C42510C-A29E-4A53-899C-203BFA874E0B}.Release|Win32.Build.0 = Release|Win32
		{56997126-0098-407A-94E1-7C5748C1C9EF}.Debug Unicode|Win32.ActiveCfg = Debug Unicode|Win32
		{56997126-0098-407A-94E1-7C5748C1C9EF}.Debug Unicode|Win32.Build.0 = Debug Unicode|Win32
		{56997126-0098-407A-94E1-7C5748C1C9EF}.Debug|Win32.ActiveCfg = Debug|Win32
		{56997126-0098-407A-94E1-7C5748C1C9EF}.Debug|Win32.Build.0 = Debug|Win32
		{56997126-0098-407A-94E1-7C5748C1C9EF}.Release Unicode|Win32.ActiveCfg = Release Unicode|Win32
		{56997126-0098-407A-94E1-7C5748C1C9EF}.Release Unicode|Win32.Build.0 = Release Unicode|Win32
		{56997126-0098-407A-94E1-7C5748C1C9EF}.Release|Win32.ActiveCfg = Release|Win32
		{56997126-0098-407A-94E1-7C5748C1C9EF}.Release|Win32.Build.0 = Release|Win32
		{D9057E63-AAAA-4FE7-800A-20C02F4761F3}.Debug Unicode|Win32.ActiveCfg = Debug Unicode|Win32
		{D9057E63-AAAA-4FE7-800A-20C02F4761F3}.Debug Unicode|Win32.Build.0 = Debug Unicode|Win32
		{D9057E63-AAAA-4FE7-800A-20C02F4761F3}.Debug|Win32.ActiveCfg = Debug|Win32
		{D9057E63-AAAA-4FE7-800A-20C02F4761F3}.Debug|Win32.Build.0 = Debug|Win32
		{D9057E63-AAAA-4FE7-800A-20C02F4761F3}.Release Unicode|Win32.ActiveCfg = Release Unicode|Win32
		{D9057E63-AAAA-4FE7-800A-20C02F4761F3}.Release Unicode|Win32.Build.0 = Release Unicode|Win32
		{D9057E63-AAAA-4FE7-800A-20C02F4761F3}.Release|Win32.ActiveCfg = Release|Win32
		{D9057E63-AAAA-4FE7-800A-20C02F4761F3}.Release|Win32.Build.0 = Release|Win32
		{3FAA6ED0-CE70-469F-9165-2B242FB270BD}.Debug Unicode|Win32.ActiveCfg = Debug|Win32
		{3FAA6ED0-CE70-469F-9165-2B242FB270BD}.Debug Unicode|Win32.Build.0 = Debug|Win32
		{3FAA6ED0-CE70-469F-9165-2B242FB270BD}.Debug|Win32.ActiveCfg = Debug|Win32
		{3FAA6ED0-CE70-469F-9165-2B242FB270BD}.Debug|Win32.Build.0 = Debug|Win32
		{3FAA6ED0-CE70-469F-9165-2B242FB270BD}.Release Unicode|Win32.ActiveCfg = Release|Win32
		{3FAA6ED0-CE70-469F-9165-2B242FB270BD}.Release Unicode|Win32.Build.0 = Release|Win32
		{3FAA6ED0-CE70-469F-9165-2B242FB270BD}.Release|Win32.ActiveCfg = Release|Win32
		{3FAA6ED0-CE70-469F-9165-2B242FB270BD}.Release|Win32.Build.0 = Release|Win32
		{0007BE9F-DD4D-4E9B-B1C8-C5049538F862}.Debug Unicode|Win32.ActiveCfg = Debug|Win32
		{0007BE9F-DD4D-4E9B-B1C8-C5049538F862}.Debug Unicode|Win32.Build.0 = Debug|Win32
		{0007BE9F-DD4D-4E9B-B1C8-C5049538F862}.Debug|Win32.ActiveCfg = Debug|Win32
		{0007BE9F-DD4D-4E9B-B1C8-C5049538F862}.Debug|Win32.Build.0 = Debug|Win32
		{0007BE9F-DD4D-4E9B-B1C8-C5049538F862}.Release Unicode|Win32.ActiveCfg = Release|Win32
		{0007BE9F-DD4D-4E9B-B1C8-C5049538F862}.Release Unicode|Win32.Build.0 = Release|Win32
		{0007BE9F-DD4D-4E9B-B1C8-C5049538F862}.Release|Win32.ActiveCfg = Release|Win32
		{0007BE9F-DD4D-4E9B-B1C8-C5049538F862}.Release|Win32.Build.0 = Release|Win32
		{EBF2155A-371E-4069-B545-7593892B92E8}.Debug Unicode|Win32.ActiveCfg = Debug|Win32
		{EBF2155A-371E-4069-B545-7593892B92E8}.Debug Unicode|Win32.Build.0 = Debug|Win32
		{EBF2155A-371E-4069-B545-7593892B92E8}.Debug|Win32.ActiveCfg = Debug|Win32
		{EBF2155A-371E-4069-B545-7593892B92E8}.Debug|Win32.Build.0 = Debug|Win32
		{EBF2155A-371E-4069-B545-7593892B92E8}.Release Unicode|Win32.ActiveCfg = Release|Win32
		{EBF2155A-371E-4069-B545-7593892B92E8}.Release Unicode|Win32.Build.0 = Release|Win32
		{EBF2155A-371E-4069-B545-7593892B92E8}.Release|Win32.ActiveCfg = Release|Win32
		{EBF2155A-371E-4069-B545-7593892B92E8}.Release|Win32.Build.0 = Release|Win32
		{9C6040B8-1173-40FA-A3DB-DE044CCD8250}.Debug Unicode|Win32.ActiveCfg = Debug|Win32
		{9C6040B8-1173-40FA-A3DB-DE044CCD8250}.Debug Unicode|Win32.Build.0 = Debug|Win32
		{9C6040B8-1173-40FA-A3DB-DE044CCD8250}.Debug|Win32.ActiveCfg = Debug|Win32
		{9C6040B8-1173-40FA-A3DB-DE044CCD8250}.Debug|Win32.Build.0 = Debug|Win32
		{9C6040B8-1173-40FA-A3DB-DE044CCD8250}.Release Unicode|Win32.ActiveCfg = Release|Win32
		{9C6040B8-1173-40FA-A3DB-DE044CCD8250}.Release Unicode|Win32.Build.0 = Release|Win32
		{9C6040B8-1173-40FA-A3DB-DE044CCD8250}.Release|Win32.ActiveCfg = Release|Win32
		{9C6040B8-1173-40FA-A3DB-DE044CCD8250}.Release|Win32.Build.0 = Release|Win32
		{987F026D-EB1F-4013-ADA8-2406ACCDA526}.Debug Unicode|Win32.ActiveCfg = Debug Unicode|Win32
		{987F026D-EB1F-4013-ADA8-2406ACCDA526}.Debug Unicode|Win32.Build.0 = Debug Unicode|Win32
		{987F026D-EB1F-4013-ADA8-2406ACCDA526}.Debug|Win32.ActiveCfg = Debug|Win32
		{987F026D-EB1F-4013-ADA8-2406ACCDA526}.Debug|Win32.Build.0 = Debug|Win32
		{987F026D-EB1F-4013-ADA8-2406ACCDA526}.Release Unicode|Win32.ActiveCfg = Release Unicode|Win32
		{987F026D-EB1F-4013-ADA8-2406ACCDA526}.Release Unicode|Win32.Build.0 = Release Unicode|Win32
		{987F026D-EB1F-4013-ADA8-2406ACCDA526}.Release|Win32.ActiveCfg = Release|Win32
		{987F026D-EB1F-4013-ADA8-2406ACCDA526}.Release|Win32.Build.0 = Release|Win32
		{AF7D71D4-19B7-42B8-91DD-701F155AC4AE}.Debug Unicode|Win32.ActiveCfg = Debug|Win32
		{AF7D71D4-19B7-42B8-91DD-701F155AC4AE}.Debug Unicode|Win32.Build.0 = Debug|Win32
		{AF7D71D4-19B7-42B8-91DD-701F155AC4AE}.Debug|Win32.ActiveCfg = Debug|Win32
		{AF7D71D4-19B7-42B8-91DD-701F155AC4AE}.Debug|Win32.Build.0 = Debug|Win32
		{AF7D71D4-19B7-42B8-91DD-701F155AC4AE}.Release Unicode|Win32.ActiveCfg = Release|Win32
		{AF7D71D4-19B7-42B8-91DD-701F155AC4AE}.Release Unicode|Win32.Build.0 = Release|Win32
		{AF7D71D4-19B7-42B8-91DD-701F155AC4AE}.Release|Win32.ActiveCfg = Release|Win32
		{AF7D71D4-19B7-42B8-91DD-701F155AC4AE}.Release|Win32.Build.0 = Release|Win32
		{2C818919-A38F-44FF-BD91-A6A204AC592A}.Debug Unicode|Win32.ActiveCfg = Debug|Win32
		{2C818919-A38F-44FF-BD91-A6A204AC592A}.Debug Unicode|Win32.Build.0 = Debug|Win32
		{2C818919-A38F-44FF-BD91-A6A204AC592A}.Debug|Win32.ActiveCfg = Debug|Win32
		{2C818919-A38F-44FF-BD91-A6A204AC592A}.Debug|Win32.Build.0 = Debug|Win32
		{2C818919-A38F-44FF-BD91-A6A204AC592A}.Release Unicode|Win32.ActiveCfg = Release|Win32
		{2C818919-A38F-44FF-BD91-A6A204AC592A}.Release Unicode|Win32.Build.0 = Release|Win32
		{2C818919-A38F-44FF-BD91-A6A204AC592A}.Release|Win32.ActiveCfg = Release|Win32
		{2C818919-A38F-44FF-BD91-A6A204AC592A}.Release|Win32.Build.0 = Release|Win32
		{B6FC188B-8E54-4197-9444-8BADE9AA75E2}.Debug Unicode|Win32.ActiveCfg = Debug|Win32
		{B6FC188B-8E54-4197-9444-8BADE9AA75E2}.Debug Unicode|Win32.Build.0 = Debug|Win32
		{B6FC188B-8E54-4197-9444-8BADE9AA75E2}.Debug|Win32.ActiveCfg = Debug|Win32
		{B6FC188B-8E54-4197-9444-8BADE9AA75E2}.Debug|Win32.Build.0 = Debug|Win32
		{B6FC188B-8E54-4197-9444-8BADE9AA75E2}.Release Unicode|Win32.ActiveCfg = Release|Win32
		{B6FC188B-8E54-4197-9444-8BADE9AA75E2}.Release Unicode|Win32.Build.0 = Release|Win32
		{B6FC188B-8E54-4197-9444-8BADE9AA75E2}.Release|Win32.ActiveCfg = Release|Win32
		{B6FC188B-8E54-4197-9444-8BADE9AA75E2}.Release|Win32.Build.0 = Release|Win32
		{20D781FB-4A20-4B75-B863-304A47182966}.Debug Unicode|Win32.ActiveCfg = Debug|Win32
		{20D781FB-4A20-4B75-B863-304A47182966}.Debug Unicode|Win32.Build.0 = Debug|Win32
		{20D781FB-4A20-4B75-B863-304A47182966}.Debug|Win32.ActiveCfg = Debug|Win32
		{20D781FB-4A20-4B75-B863-304A47182966}.Debug|Win32.Build.0 = Debug|Win32
		{20D781FB-4A20-4B75-B863-304A47182966}.Release Unicode|Win32.ActiveCfg = Release|Win32
		{20D781FB-4A20-4B75-B863-304A47182966}.Release Unicode|Win32.Build.0 = Release|Win32
		{20D781FB-4A20-4B75-B863-304A47182966}.Release|Win32.ActiveCfg = Release|Win32
		{20D781FB-4A20-4B75-B863-304A47182966}.Release|Win32.Build.0 = Release|Win32
		{E42870DB-9FED-44E7-9C93-4E64D0C87F51}.Debug Unicode|Win32.ActiveCfg = Debug|Win32
		{E42870DB-9FED-44E7-9C93-4E64D0C87F51}.Debug Unicode|Win32.Build.0 = Debug|Win32
		{E42870DB-9FED-44E7-9C93-4E64D0C87F51}.Debug|Win32.ActiveCfg = Debug|Win32
		{E42870DB-9FED-44E7-9C93-4E64D0C87F51}.Debug|Win32.Build.0 = Debug|Win32
		{E42870DB-9FED-44E7-9C93-4E64D0C87F51}.Release Unicode|Win32.ActiveCfg = Release|Win32
		{E42870DB-9FED-44E7-9C93-4E64D0C87F51}.Release Unicode|Win32.Build.0 = Release|Win32
		{E42870DB-9FED-44E7-9C93-4E64D0C87F51}.Release|Win32.ActiveCfg = Release|Win32
		{E42870DB-9FED-44E7-9C93-4E64D0C87F51}.Release|Win32.Build.0 = Release|Win32
	EndGlobalSection
	GlobalSection(SolutionProperties) = preSolution
		HideSolutionNode = FALSE
	EndGlobalSection
EndGlobal
