Microsoft Visual Studio Solution File, Format Version 8.00
Project("{8BC9CEB8-8B4A-11D0-8D11-00A0C91BC942}") = "aim", "aim.vcproj", "{736E59E5-CDCE-4C88-9C3A-E7913D45C9EC}"
	ProjectSection(ProjectDependencies) = postProject
	EndProjectSection
EndProject
Global
	GlobalSection(SolutionConfiguration) = preSolution
		Debug = Debug
		Release = Release
	EndGlobalSection
	GlobalSection(ProjectConfiguration) = postSolution
		{736E59E5-CDCE-4C88-9C3A-E7913D45C9EC}.Debug.ActiveCfg = Debug|Win32
		{736E59E5-CDCE-4C88-9C3A-E7913D45C9EC}.Debug.Build.0 = Debug|Win32
		{736E59E5-CDCE-4C88-9C3A-E7913D45C9EC}.Release.ActiveCfg = Release|Win32
		{736E59E5-CDCE-4C88-9C3A-E7913D45C9EC}.Release.Build.0 = Release|Win32
	EndGlobalSection
	GlobalSection(ExtensibilityGlobals) = postSolution
	EndGlobalSection
	GlobalSection(ExtensibilityAddIns) = postSolution
	EndGlobalSection
EndGlobal
